
Microsoft Visual Studio Solution File, Format Version 12.00
# Visual Studio 15
VisualStudioVersion = 15.0.27004.2002
MinimumVisualStudioVersion = 10.0.40219.1
Project("{9A19103F-16F7-4668-BE54-9A1E7A4F7556}") = "EmployeeManagementSystem", "EmployeeManagementSystem\EmployeeManagementSystem.csproj", "{5AFAFB7F-7413-4772-AC4A-08C16A321569}"
EndProject
Project("{FAE04EC0-301F-11D3-BF4B-00C04F79EFBC}") = "EmployeeDataUtil", "EmployeeDataUtil\EmployeeDataUtil.csproj", "{4FFABA31-6BD0-4EB0-8E8A-5FDA367E3061}"
EndProject
Global
	GlobalSection(SolutionConfigurationPlatforms) = preSolution
		Debug|Any CPU = Debug|Any CPU
		Release|Any CPU = Release|Any CPU
	EndGlobalSection
	GlobalSection(ProjectConfigurationPlatforms) = postSolution
		{5AFAFB7F-7413-4772-AC4A-08C16A321569}.Debug|Any CPU.ActiveCfg = Debug|Any CPU
		{5AFAFB7F-7413-4772-AC4A-08C16A321569}.Debug|Any CPU.Build.0 = Debug|Any CPU
		{5AFAFB7F-7413-4772-AC4A-08C16A321569}.Release|Any CPU.ActiveCfg = Release|Any CPU
		{5AFAFB7F-7413-4772-AC4A-08C16A321569}.Release|Any CPU.Build.0 = Release|Any CPU
		{4FFABA31-6BD0-4EB0-8E8A-5FDA367E3061}.Debug|Any CPU.ActiveCfg = Debug|Any CPU
		{4FFABA31-6BD0-4EB0-8E8A-5FDA367E3061}.Debug|Any CPU.Build.0 = Debug|Any CPU
		{4FFABA31-6BD0-4EB0-8E8A-5FDA367E3061}.Release|Any CPU.ActiveCfg = Release|Any CPU
		{4FFABA31-6BD0-4EB0-8E8A-5FDA367E3061}.Release|Any CPU.Build.0 = Release|Any CPU
	EndGlobalSection
	GlobalSection(SolutionProperties) = preSolution
		HideSolutionNode = FALSE
	EndGlobalSection
	GlobalSection(ExtensibilityGlobals) = postSolution
		SolutionGuid = {453BEA97-A9CE-4E59-B9AD-F13FED78E3FC}
	EndGlobalSection
EndGlobal
